
Microsoft Visual Studio Solution File, Format Version 12.00
# Visual Studio Version 17
VisualStudioVersion = 17.5.002.0
MinimumVisualStudioVersion = 10.0.40219.1
Project("{9A19103F-16F7-4668-BE54-9A1E7A4F7556}") = "DesafioPOO", "DesafioPOO.csproj", "{09B09A0F-67AF-4CC3-9465-5C44DAC45275}"
EndProject
Global
	GlobalSection(SolutionConfigurationPlatforms) = preSolution
		Debug|Any CPU = Debug|Any CPU
		Release|Any CPU = Release|Any CPU
	EndGlobalSection
	GlobalSection(ProjectConfigurationPlatforms) = postSolution
		{09B09A0F-67AF-4CC3-9465-5C44DAC45275}.Debug|Any CPU.ActiveCfg = Debug|Any CPU
		{09B09A0F-67AF-4CC3-9465-5C44DAC45275}.Debug|Any CPU.Build.0 = Debug|Any CPU
		{09B09A0F-67AF-4CC3-9465-5C44DAC45275}.Release|Any CPU.ActiveCfg = Release|Any CPU
		{09B09A0F-67AF-4CC3-9465-5C44DAC45275}.Release|Any CPU.Build.0 = Release|Any CPU
	EndGlobalSection
	GlobalSection(SolutionProperties) = preSolution
		HideSolutionNode = FALSE
	EndGlobalSection
	GlobalSection(ExtensibilityGlobals) = postSolution
		SolutionGuid = {0C7D873A-2F2F-4CA2-B799-B19F6496DED0}
	EndGlobalSection
EndGlobal
